// !$*UTF8*$!
{
	archiveVersion = 1;
	classes = {
	};
	objectVersion = 50;
	objects = {

/* Begin PBXBuildFile section */
		31ABEDC021A58D4A00FD417F /* main.swift in Sources */ = {isa = PBXBuildFile; fileRef = 31ABEDBF21A58D4A00FD417F /* main.swift */; };
		31ABEDC721A5920900FD417F /* TypesCharacters.swift in Sources */ = {isa = PBXBuildFile; fileRef = 31ABEDC621A5920900FD417F /* TypesCharacters.swift */; };
		31ABEDC921A5942000FD417F /* Characters.swift in Sources */ = {isa = PBXBuildFile; fileRef = 31ABEDC821A5942000FD417F /* Characters.swift */; };
		31ABEDCC21A594DE00FD417F /* Weapon.swift in Sources */ = {isa = PBXBuildFile; fileRef = 31ABEDCB21A594DE00FD417F /* Weapon.swift */; };
		31ABEDCE21A594F000FD417F /* Blade.swift in Sources */ = {isa = PBXBuildFile; fileRef = 31ABEDCD21A594F000FD417F /* Blade.swift */; };
		31ABEDD021A5951B00FD417F /* Scepter.swift in Sources */ = {isa = PBXBuildFile; fileRef = 31ABEDCF21A5951B00FD417F /* Scepter.swift */; };
		31ABEDD221A5952E00FD417F /* Hammer.swift in Sources */ = {isa = PBXBuildFile; fileRef = 31ABEDD121A5952E00FD417F /* Hammer.swift */; };
		31ABEDD421A5993300FD417F /* Team.swift in Sources */ = {isa = PBXBuildFile; fileRef = 31ABEDD321A5993300FD417F /* Team.swift */; };
/* End PBXBuildFile section */

/* Begin PBXCopyFilesBuildPhase section */
		31ABEDBA21A58D4A00FD417F /* CopyFiles */ = {
			isa = PBXCopyFilesBuildPhase;
			buildActionMask = 2147483647;
			dstPath = /usr/share/man/man1/;
			dstSubfolderSpec = 0;
			files = (
			);
			runOnlyForDeploymentPostprocessing = 1;
		};
/* End PBXCopyFilesBuildPhase section */

/* Begin PBXFileReference section */
		31ABEDBC21A58D4A00FD417F /* project3 */ = {isa = PBXFileReference; explicitFileType = "compiled.mach-o.executable"; includeInIndex = 0; path = project3; sourceTree = BUILT_PRODUCTS_DIR; };
		31ABEDBF21A58D4A00FD417F /* main.swift */ = {isa = PBXFileReference; lastKnownFileType = sourcecode.swift; path = main.swift; sourceTree = "<group>"; };
		31ABEDC621A5920900FD417F /* TypesCharacters.swift */ = {isa = PBXFileReference; lastKnownFileType = sourcecode.swift; path = TypesCharacters.swift; sourceTree = "<group>"; };
		31ABEDC821A5942000FD417F /* Characters.swift */ = {isa = PBXFileReference; lastKnownFileType = sourcecode.swift; path = Characters.swift; sourceTree = "<group>"; };
		31ABEDCB21A594DE00FD417F /* Weapon.swift */ = {isa = PBXFileReference; lastKnownFileType = sourcecode.swift; path = Weapon.swift; sourceTree = "<group>"; };
		31ABEDCD21A594F000FD417F /* Blade.swift */ = {isa = PBXFileReference; lastKnownFileType = sourcecode.swift; path = Blade.swift; sourceTree = "<group>"; };
		31ABEDCF21A5951B00FD417F /* Scepter.swift */ = {isa = PBXFileReference; lastKnownFileType = sourcecode.swift; path = Scepter.swift; sourceTree = "<group>"; };
		31ABEDD121A5952E00FD417F /* Hammer.swift */ = {isa = PBXFileReference; lastKnownFileType = sourcecode.swift; path = Hammer.swift; sourceTree = "<group>"; };
		31ABEDD321A5993300FD417F /* Team.swift */ = {isa = PBXFileReference; lastKnownFileType = sourcecode.swift; path = Team.swift; sourceTree = "<group>"; };
/* End PBXFileReference section */

/* Begin PBXFrameworksBuildPhase section */
		31ABEDB921A58D4A00FD417F /* Frameworks */ = {
			isa = PBXFrameworksBuildPhase;
			buildActionMask = 2147483647;
			files = (
			);
			runOnlyForDeploymentPostprocessing = 0;
		};
/* End PBXFrameworksBuildPhase section */

/* Begin PBXGroup section */
		3136915521A6A8D300B72299 /* Characters */ = {
			isa = PBXGroup;
			children = (
				31ABEDC821A5942000FD417F /* Characters.swift */,
				31ABEDC621A5920900FD417F /* TypesCharacters.swift */,
			);
			name = Characters;
			path = "New Group";
			sourceTree = "<group>";
		};
		31ABEDB321A58D4A00FD417F = {
			isa = PBXGroup;
			children = (
				3136915521A6A8D300B72299 /* Characters */,
				31ABEDCA21A594C800FD417F /* Weapon */,
				31ABEDBE21A58D4A00FD417F /* Game */,
				31ABEDBD21A58D4A00FD417F /* Products */,
			);
			sourceTree = "<group>";
		};
		31ABEDBD21A58D4A00FD417F /* Products */ = {
			isa = PBXGroup;
			children = (
				31ABEDBC21A58D4A00FD417F /* project3 */,
			);
			name = Products;
			sourceTree = "<group>";
		};
		31ABEDBE21A58D4A00FD417F /* Game */ = {
			isa = PBXGroup;
			children = (
				31ABEDBF21A58D4A00FD417F /* main.swift */,
				31ABEDD321A5993300FD417F /* Team.swift */,
			);
			path = Game;
			sourceTree = "<group>";
		};
		31ABEDCA21A594C800FD417F /* Weapon */ = {
			isa = PBXGroup;
			children = (
				31ABEDCB21A594DE00FD417F /* Weapon.swift */,
				31ABEDCD21A594F000FD417F /* Blade.swift */,
				31ABEDCF21A5951B00FD417F /* Scepter.swift */,
				31ABEDD121A5952E00FD417F /* Hammer.swift */,
			);
			path = Weapon;
			sourceTree = "<group>";
		};
/* End PBXGroup section */

/* Begin PBXNativeTarget section */
		31ABEDBB21A58D4A00FD417F /* project3 */ = {
			isa = PBXNativeTarget;
			buildConfigurationList = 31ABEDC321A58D4A00FD417F /* Build configuration list for PBXNativeTarget "project3" */;
			buildPhases = (
				31ABEDB821A58D4A00FD417F /* Sources */,
				31ABEDB921A58D4A00FD417F /* Frameworks */,
				31ABEDBA21A58D4A00FD417F /* CopyFiles */,
			);
			buildRules = (
			);
			dependencies = (
			);
			name = project3;
			productName = est;
			productReference = 31ABEDBC21A58D4A00FD417F /* project3 */;
			productType = "com.apple.product-type.tool";
		};
/* End PBXNativeTarget section */

/* Begin PBXProject section */
		31ABEDB421A58D4A00FD417F /* Project object */ = {
			isa = PBXProject;
			attributes = {
				LastSwiftUpdateCheck = 1010;
				LastUpgradeCheck = 1010;
				ORGANIZATIONNAME = "Clément Martin";
				TargetAttributes = {
					31ABEDBB21A58D4A00FD417F = {
						CreatedOnToolsVersion = 10.1;
					};
				};
			};
			buildConfigurationList = 31ABEDB721A58D4A00FD417F /* Build configuration list for PBXProject "project3" */;
			compatibilityVersion = "Xcode 9.3";
			developmentRegion = en;
			hasScannedForEncodings = 0;
			knownRegions = (
				en,
			);
			mainGroup = 31ABEDB321A58D4A00FD417F;
			productRefGroup = 31ABEDBD21A58D4A00FD417F /* Products */;
			projectDirPath = "";
			projectRoot = "";
			targets = (
				31ABEDBB21A58D4A00FD417F /* project3 */,
			);
		};
/* End PBXProject section */

/* Begin PBXSourcesBuildPhase section */
		31ABEDB821A58D4A00FD417F /* Sources */ = {
			isa = PBXSourcesBuildPhase;
			buildActionMask = 2147483647;
			files = (
				31ABEDC021A58D4A00FD417F /* main.swift in Sources */,
				31ABEDCC21A594DE00FD417F /* Weapon.swift in Sources */,
				31ABEDC921A5942000FD417F /* Characters.swift in Sources */,
				31ABEDC721A5920900FD417F /* TypesCharacters.swift in Sources */,
				31ABEDD421A5993300FD417F /* Team.swift in Sources */,
				31ABEDD221A5952E00FD417F /* Hammer.swift in Sources */,
				31ABEDD021A5951B00FD417F /* Scepter.swift in Sources */,
				31ABEDCE21A594F000FD417F /* Blade.swift in Sources */,
			);
			runOnlyForDeploymentPostprocessing = 0;
		};
/* End PBXSourcesBuildPhase section */

/* Begin XCBuildConfiguration section */
		31ABEDC121A58D4A00FD417F /* Debug */ = {
			isa = XCBuildConfiguration;
			buildSettings = {
				ALWAYS_SEARCH_USER_PATHS = NO;
				CLANG_ANALYZER_NONNULL = YES;
				CLANG_ANALYZER_NUMBER_OBJECT_CONVERSION = YES_AGGRESSIVE;
				CLANG_CXX_LANGUAGE_STANDARD = "gnu++14";
				CLANG_CXX_LIBRARY = "libc++";
				CLANG_ENABLE_MODULES = YES;
				CLANG_ENABLE_OBJC_ARC = YES;
				CLANG_ENABLE_OBJC_WEAK = YES;
				CLANG_WARN_BLOCK_CAPTURE_AUTORELEASING = YES;
				CLANG_WARN_BOOL_CONVERSION = YES;
				CLANG_WARN_COMMA = YES;
				CLANG_WARN_CONSTANT_CONVERSION = YES;
				CLANG_WARN_DEPRECATED_OBJC_IMPLEMENTATIONS = YES;
				CLANG_WARN_DIRECT_OBJC_ISA_USAGE = YES_ERROR;
				CLANG_WARN_DOCUMENTATION_COMMENTS = YES;
				CLANG_WARN_EMPTY_BODY = YES;
				CLANG_WARN_ENUM_CONVERSION = YES;
				CLANG_WARN_INFINITE_RECURSION = YES;
				CLANG_WARN_INT_CONVERSION = YES;
				CLANG_WARN_NON_LITERAL_NULL_CONVERSION = YES;
				CLANG_WARN_OBJC_IMPLICIT_RETAIN_SELF = YES;
				CLANG_WARN_OBJC_LITERAL_CONVERSION = YES;
				CLANG_WARN_OBJC_ROOT_CLASS = YES_ERROR;
				CLANG_WARN_RANGE_LOOP_ANALYSIS = YES;
				CLANG_WARN_STRICT_PROTOTYPES = YES;
				CLANG_WARN_SUSPICIOUS_MOVE = YES;
				CLANG_WARN_UNGUARDED_AVAILABILITY = YES_AGGRESSIVE;
				CLANG_WARN_UNREACHABLE_CODE = YES;
				CLANG_WARN__DUPLICATE_METHOD_MATCH = YES;
				CODE_SIGN_IDENTITY = "-";
				COPY_PHASE_STRIP = NO;
				DEBUG_INFORMATION_FORMAT = dwarf;
				ENABLE_STRICT_OBJC_MSGSEND = YES;
				ENABLE_TESTABILITY = YES;
				GCC_C_LANGUAGE_STANDARD = gnu11;
				GCC_DYNAMIC_NO_PIC = NO;
				GCC_NO_COMMON_BLOCKS = YES;
				GCC_OPTIMIZATION_LEVEL = 0;
				GCC_PREPROCESSOR_DEFINITIONS = (
					"DEBUG=1",
					"$(inherited)",
				);
				GCC_WARN_64_TO_32_BIT_CONVERSION = YES;
				GCC_WARN_ABOUT_RETURN_TYPE = YES_ERROR;
				GCC_WARN_UNDECLARED_SELECTOR = YES;
				GCC_WARN_UNINITIALIZED_AUTOS = YES_AGGRESSIVE;
				GCC_WARN_UNUSED_FUNCTION = YES;
				GCC_WARN_UNUSED_VARIABLE = YES;
				MACOSX_DEPLOYMENT_TARGET = 10.13;
				MTL_ENABLE_DEBUG_INFO = INCLUDE_SOURCE;
				MTL_FAST_MATH = YES;
				ONLY_ACTIVE_ARCH = YES;
				SDKROOT = macosx;
				SWIFT_ACTIVE_COMPILATION_CONDITIONS = DEBUG;
				SWIFT_OPTIMIZATION_LEVEL = "-Onone";
			};
			name = Debug;
		};
		31ABEDC221A58D4A00FD417F /* Release */ = {
			isa = XCBuildConfiguration;
			buildSettings = {
				ALWAYS_SEARCH_USER_PATHS = NO;
				CLANG_ANALYZER_NONNULL = YES;
				CLANG_ANALYZER_NUMBER_OBJECT_CONVERSION = YES_AGGRESSIVE;
				CLANG_CXX_LANGUAGE_STANDARD = "gnu++14";
				CLANG_CXX_LIBRARY = "libc++";
				CLANG_ENABLE_MODULES = YES;
				CLANG_ENABLE_OBJC_ARC = YES;
				CLANG_ENABLE_OBJC_WEAK = YES;
				CLANG_WARN_BLOCK_CAPTURE_AUTORELEASING = YES;
				CLANG_WARN_BOOL_CONVERSION = YES;
				CLANG_WARN_COMMA = YES;
				CLANG_WARN_CONSTANT_CONVERSION = YES;
				CLANG_WARN_DEPRECATED_OBJC_IMPLEMENTATIONS = YES;
				CLANG_WARN_DIRECT_OBJC_ISA_USAGE = YES_ERROR;
				CLANG_WARN_DOCUMENTATION_COMMENTS = YES;
				CLANG_WARN_EMPTY_BODY = YES;
				CLANG_WARN_ENUM_CONVERSION = YES;
				CLANG_WARN_INFINITE_RECURSION = YES;
				CLANG_WARN_INT_CONVERSION = YES;
				CLANG_WARN_NON_LITERAL_NULL_CONVERSION = YES;
				CLANG_WARN_OBJC_IMPLICIT_RETAIN_SELF = YES;
				CLANG_WARN_OBJC_LITERAL_CONVERSION = YES;
				CLANG_WARN_OBJC_ROOT_CLASS = YES_ERROR;
				CLANG_WARN_RANGE_LOOP_ANALYSIS = YES;
				CLANG_WARN_STRICT_PROTOTYPES = YES;
				CLANG_WARN_SUSPICIOUS_MOVE = YES;
				CLANG_WARN_UNGUARDED_AVAILABILITY = YES_AGGRESSIVE;
				CLANG_WARN_UNREACHABLE_CODE = YES;
				CLANG_WARN__DUPLICATE_METHOD_MATCH = YES;
				CODE_SIGN_IDENTITY = "-";
				COPY_PHASE_STRIP = NO;
				DEBUG_INFORMATION_FORMAT = "dwarf-with-dsym";
				ENABLE_NS_ASSERTIONS = NO;
				ENABLE_STRICT_OBJC_MSGSEND = YES;
				GCC_C_LANGUAGE_STANDARD = gnu11;
				GCC_NO_COMMON_BLOCKS = YES;
				GCC_WARN_64_TO_32_BIT_CONVERSION = YES;
				GCC_WARN_ABOUT_RETURN_TYPE = YES_ERROR;
				GCC_WARN_UNDECLARED_SELECTOR = YES;
				GCC_WARN_UNINITIALIZED_AUTOS = YES_AGGRESSIVE;
				GCC_WARN_UNUSED_FUNCTION = YES;
				GCC_WARN_UNUSED_VARIABLE = YES;
				MACOSX_DEPLOYMENT_TARGET = 10.13;
				MTL_ENABLE_DEBUG_INFO = NO;
				MTL_FAST_MATH = YES;
				SDKROOT = macosx;
				SWIFT_COMPILATION_MODE = wholemodule;
				SWIFT_OPTIMIZATION_LEVEL = "-O";
			};
			name = Release;
		};
		31ABEDC421A58D4A00FD417F /* Debug */ = {
			isa = XCBuildConfiguration;
			buildSettings = {
				CODE_SIGN_STYLE = Automatic;
				PRODUCT_NAME = "$(TARGET_NAME)";
				SWIFT_VERSION = 4.2;
			};
			name = Debug;
		};
		31ABEDC521A58D4A00FD417F /* Release */ = {
			isa = XCBuildConfiguration;
			buildSettings = {
				CODE_SIGN_STYLE = Automatic;
				PRODUCT_NAME = "$(TARGET_NAME)";
				SWIFT_VERSION = 4.2;
			};
			name = Release;
		};
/* End XCBuildConfiguration section */

/* Begin XCConfigurationList section */
		31ABEDB721A58D4A00FD417F /* Build configuration list for PBXProject "project3" */ = {
			isa = XCConfigurationList;
			buildConfigurations = (
				31ABEDC121A58D4A00FD417F /* Debug */,
				31ABEDC221A58D4A00FD417F /* Release */,
			);
			defaultConfigurationIsVisible = 0;
			defaultConfigurationName = Release;
		};
		31ABEDC321A58D4A00FD417F /* Build configuration list for PBXNativeTarget "project3" */ = {
			isa = XCConfigurationList;
			buildConfigurations = (
				31ABEDC421A58D4A00FD417F /* Debug */,
				31ABEDC521A58D4A00FD417F /* Release */,
			);
			defaultConfigurationIsVisible = 0;
			defaultConfigurationName = Release;
		};
/* End XCConfigurationList section */
	};
	rootObject = 31ABEDB421A58D4A00FD417F /* Project object */;
}
